
Microsoft Visual Studio Solution File, Format Version 12.00
# Visual Studio Version 16
VisualStudioVersion = 16.0.33529.622
MinimumVisualStudioVersion = 10.0.40219.1
Project("{FAE04EC0-301F-11D3-BF4B-00C04F79EFBC}") = "CarInsurance2", "CarInsurance2\CarInsurance2.csproj", "{94CC6824-A22F-4754-9720-BA3B478129B0}"
EndProject
Global
	GlobalSection(SolutionConfigurationPlatforms) = preSolution
		Debug|Any CPU = Debug|Any CPU
		Release|Any CPU = Release|Any CPU
	EndGlobalSection
	GlobalSection(ProjectConfigurationPlatforms) = postSolution
		{94CC6824-A22F-4754-9720-BA3B478129B0}.Debug|Any CPU.ActiveCfg = Debug|Any CPU
		{94CC6824-A22F-4754-9720-BA3B478129B0}.Debug|Any CPU.Build.0 = Debug|Any CPU
		{94CC6824-A22F-4754-9720-BA3B478129B0}.Release|Any CPU.ActiveCfg = Release|Any CPU
		{94CC6824-A22F-4754-9720-BA3B478129B0}.Release|Any CPU.Build.0 = Release|Any CPU
	EndGlobalSection
	GlobalSection(SolutionProperties) = preSolution
		HideSolutionNode = FALSE
	EndGlobalSection
	GlobalSection(ExtensibilityGlobals) = postSolution
		SolutionGuid = {23E02D41-45A9-46B3-815C-5F7603CE7500}
	EndGlobalSection
EndGlobal
